{
  "nodes": {
    "flakeNimbleLib": {
      "inputs": {
        "nixpkgs": [
          "nixpkgs"
        ]
      },
      "locked": {
        "lastModified": 1662018438,
        "narHash": "sha256-QtNtU6+LX3Wokxf0zlFwKTFOcn6TeDjKQZ+DA9OYtvM=",
        "owner": "riinr",
        "repo": "nim-flakes-lib",
        "rev": "b1fe8340736e3a85d25c709ac3dfd82a55c03cbf",
        "type": "github"
      },
      "original": {
        "owner": "riinr",
        "ref": "master",
        "repo": "nim-flakes-lib",
        "type": "github"
      }
    },
    "nixpkgs": {
      "locked": {
        "lastModified": 1667199707,
        "narHash": "sha256-I2Js3Y7gUyVSEXPULHlBoRek4Lh85vnevdS6mdvDNLI=",
        "owner": "NixOS",
        "repo": "nixpkgs",
        "rev": "ced197be72099edcfa68ebed8b87af7b04851f45",
        "type": "github"
      },
      "original": {
        "id": "nixpkgs",
        "type": "indirect"
      }
    },
    "root": {
      "inputs": {
        "flakeNimbleLib": "flakeNimbleLib",
        "nixpkgs": "nixpkgs",
        "spwd-master": "spwd-master"
      }
    },
    "spwd-master": {
      "inputs": {
        "flakeNimbleLib": [
          "flakeNimbleLib"
        ],
        "nixpkgs": [
          "nixpkgs"
        ],
        "src-spwd-master": "src-spwd-master"
      },
      "locked": {
        "dir": "master",
        "lastModified": 1667322697,
        "narHash": "sha256-doZtC2knzfkrhY6M2EPo+l710HSZ4eK6/GUwviJes68=",
        "owner": "nim-nix-pkgs",
        "repo": "spwd",
        "rev": "e7217721ce90c4f3dc491ef679109cdc66d3a87d",
        "type": "github"
      },
      "original": {
        "dir": "master",
        "owner": "nim-nix-pkgs",
        "ref": "master",
        "repo": "spwd",
        "type": "github"
      }
    },
    "src-spwd-master": {
      "flake": false,
      "locked": {
        "lastModified": 1500825443,
        "narHash": "sha256-YNgUF2aVOHwBXTIx23agBYTxrfRFachGW32u1PTz6kU=",
        "owner": "achesak",
        "repo": "nim-spwd",
        "rev": "7d4f5436c45cc08228dcc12f67a09fc363ccd961",
        "type": "github"
      },
      "original": {
        "owner": "achesak",
        "ref": "refs/heads/master",
        "repo": "nim-spwd",
        "type": "github"
      }
    }
  },
  "root": "root",
  "version": 7
}
